{
  "name": "DS",
  "lockfileVersion": 2,
  "requires": true,
  "packages": {
    "": {
      "dependencies": {
        "treeify": "^1.1.0"
      },
      "devDependencies": {
        "@types/node": "^18.13.0",
        "@types/treeify": "^1.0.0"
      }
    },
    "node_modules/@types/node": {
      "version": "18.13.0",
      "resolved": "https://registry.npmjs.org/@types/node/-/node-18.13.0.tgz",
      "integrity": "sha512-gC3TazRzGoOnoKAhUx+Q0t8S9Tzs74z7m0ipwGpSqQrleP14hKxP4/JUeEQcD3W1/aIpnWl8pHowI7WokuZpXg==",
      "dev": true
    },
    "node_modules/@types/treeify": {
      "version": "1.0.0",
      "resolved": "https://registry.npmjs.org/@types/treeify/-/treeify-1.0.0.tgz",
      "integrity": "sha512-ONpcZAEYlbPx4EtJwfTyCDQJGUpKf4sEcuySdCVjK5Fj/3vHp5HII1fqa1/+qrsLnpYELCQTfVW/awsGJePoIg==",
      "dev": true
    },
    "node_modules/treeify": {
      "version": "1.1.0",
      "resolved": "https://registry.npmjs.org/treeify/-/treeify-1.1.0.tgz",
      "integrity": "sha512-1m4RA7xVAJrSGrrXGs0L3YTwyvBs2S8PbRHaLZAkFw7JR8oIFwYtysxlBZhYIa7xSyiYJKZ3iGrrk55cGA3i9A==",
      "engines": {
        "node": ">=0.6"
      }
    }
  },
  "dependencies": {
    "@types/node": {
      "version": "18.13.0",
      "resolved": "https://registry.npmjs.org/@types/node/-/node-18.13.0.tgz",
      "integrity": "sha512-gC3TazRzGoOnoKAhUx+Q0t8S9Tzs74z7m0ipwGpSqQrleP14hKxP4/JUeEQcD3W1/aIpnWl8pHowI7WokuZpXg==",
      "dev": true
    },
    "@types/treeify": {
      "version": "1.0.0",
      "resolved": "https://registry.npmjs.org/@types/treeify/-/treeify-1.0.0.tgz",
      "integrity": "sha512-ONpcZAEYlbPx4EtJwfTyCDQJGUpKf4sEcuySdCVjK5Fj/3vHp5HII1fqa1/+qrsLnpYELCQTfVW/awsGJePoIg==",
      "dev": true
    },
    "treeify": {
      "version": "1.1.0",
      "resolved": "https://registry.npmjs.org/treeify/-/treeify-1.1.0.tgz",
      "integrity": "sha512-1m4RA7xVAJrSGrrXGs0L3YTwyvBs2S8PbRHaLZAkFw7JR8oIFwYtysxlBZhYIa7xSyiYJKZ3iGrrk55cGA3i9A=="
    }
  }
}
